
Microsoft Visual Studio Solution File, Format Version 12.00
# Visual Studio Version 17
VisualStudioVersion = 17.2.32526.322
MinimumVisualStudioVersion = 10.0.40219.1
Project("{9A19103F-16F7-4668-BE54-9A1E7A4F7556}") = "Contacts.Api", "Contacts.Api\Contacts.Api.csproj", "{E3F6B136-D878-4EE6-BF87-3042C10059EB}"
EndProject
Project("{9A19103F-16F7-4668-BE54-9A1E7A4F7556}") = "Contacts.Data", "Contacts.Data\Contacts.Data.csproj", "{F5CCFDB8-2E6C-44CD-AA2B-09188D0E0435}"
EndProject
Project("{9A19103F-16F7-4668-BE54-9A1E7A4F7556}") = "Contacts.Domain", "Contacts.Domain\Contacts.Domain.csproj", "{09F65E0D-930A-4F62-BE88-C5554A943AC7}"
EndProject
Project("{FAE04EC0-301F-11D3-BF4B-00C04F79EFBC}") = "Contacts.Shared", "Contacts.Shared\Contacts.Shared.csproj", "{E88CAD0E-9BC0-4683-A91D-4663960702C2}"
EndProject
Global
	GlobalSection(SolutionConfigurationPlatforms) = preSolution
		Debug|Any CPU = Debug|Any CPU
		Release|Any CPU = Release|Any CPU
	EndGlobalSection
	GlobalSection(ProjectConfigurationPlatforms) = postSolution
		{E3F6B136-D878-4EE6-BF87-3042C10059EB}.Debug|Any CPU.ActiveCfg = Debug|Any CPU
		{E3F6B136-D878-4EE6-BF87-3042C10059EB}.Debug|Any CPU.Build.0 = Debug|Any CPU
		{E3F6B136-D878-4EE6-BF87-3042C10059EB}.Release|Any CPU.ActiveCfg = Release|Any CPU
		{E3F6B136-D878-4EE6-BF87-3042C10059EB}.Release|Any CPU.Build.0 = Release|Any CPU
		{F5CCFDB8-2E6C-44CD-AA2B-09188D0E0435}.Debug|Any CPU.ActiveCfg = Debug|Any CPU
		{F5CCFDB8-2E6C-44CD-AA2B-09188D0E0435}.Debug|Any CPU.Build.0 = Debug|Any CPU
		{F5CCFDB8-2E6C-44CD-AA2B-09188D0E0435}.Release|Any CPU.ActiveCfg = Release|Any CPU
		{F5CCFDB8-2E6C-44CD-AA2B-09188D0E0435}.Release|Any CPU.Build.0 = Release|Any CPU
		{09F65E0D-930A-4F62-BE88-C5554A943AC7}.Debug|Any CPU.ActiveCfg = Debug|Any CPU
		{09F65E0D-930A-4F62-BE88-C5554A943AC7}.Debug|Any CPU.Build.0 = Debug|Any CPU
		{09F65E0D-930A-4F62-BE88-C5554A943AC7}.Release|Any CPU.ActiveCfg = Release|Any CPU
		{09F65E0D-930A-4F62-BE88-C5554A943AC7}.Release|Any CPU.Build.0 = Release|Any CPU
		{E88CAD0E-9BC0-4683-A91D-4663960702C2}.Debug|Any CPU.ActiveCfg = Debug|Any CPU
		{E88CAD0E-9BC0-4683-A91D-4663960702C2}.Debug|Any CPU.Build.0 = Debug|Any CPU
		{E88CAD0E-9BC0-4683-A91D-4663960702C2}.Release|Any CPU.ActiveCfg = Release|Any CPU
		{E88CAD0E-9BC0-4683-A91D-4663960702C2}.Release|Any CPU.Build.0 = Release|Any CPU
	EndGlobalSection
	GlobalSection(SolutionProperties) = preSolution
		HideSolutionNode = FALSE
	EndGlobalSection
	GlobalSection(ExtensibilityGlobals) = postSolution
		SolutionGuid = {5658BC39-6F5F-419C-89D3-691130E295E5}
	EndGlobalSection
EndGlobal
